// !$*UTF8*$!
{
	archiveVersion = 1;
	classes = {
	};
	objectVersion = 56;
	objects = {

/* Begin PBXBuildFile section */
		0865ADDE2C10D4FC0015C171 /* Healthy_HabitsApp.swift in Sources */ = {isa = PBXBuildFile; fileRef = 0865ADDD2C10D4FC0015C171 /* Healthy_HabitsApp.swift */; };
		0865ADE02C10D4FC0015C171 /* ContentView.swift in Sources */ = {isa = PBXBuildFile; fileRef = 0865ADDF2C10D4FC0015C171 /* ContentView.swift */; };
		0865ADE22C10D4FC0015C171 /* Item.swift in Sources */ = {isa = PBXBuildFile; fileRef = 0865ADE12C10D4FC0015C171 /* Item.swift */; };
		0865ADE42C10D4FD0015C171 /* Assets.xcassets in Resources */ = {isa = PBXBuildFile; fileRef = 0865ADE32C10D4FD0015C171 /* Assets.xcassets */; };
		0865ADE72C10D4FD0015C171 /* Preview Assets.xcassets in Resources */ = {isa = PBXBuildFile; fileRef = 0865ADE62C10D4FD0015C171 /* Preview Assets.xcassets */; };
		0865AE112C10D6020015C171 /* HealthMetric.swift in Sources */ = {isa = PBXBuildFile; fileRef = 0865AE102C10D6020015C171 /* HealthMetric.swift */; };
		0865AE132C10D6CB0015C171 /* HealthMetricService.swift in Sources */ = {isa = PBXBuildFile; fileRef = 0865AE122C10D6CB0015C171 /* HealthMetricService.swift */; };
		0865AE152C10D6F00015C171 /* MainView.swift in Sources */ = {isa = PBXBuildFile; fileRef = 0865AE142C10D6F00015C171 /* MainView.swift */; };
		0865AE172C1A68AF0015C171 /* IconDetailView.swift in Sources */ = {isa = PBXBuildFile; fileRef = 0865AE162C1A68AF0015C171 /* IconDetailView.swift */; };
		0865AE192C1A68D10015C171 /* HeartRateView.swift in Sources */ = {isa = PBXBuildFile; fileRef = 0865AE182C1A68D10015C171 /* HeartRateView.swift */; };
		0865AE242C1A6D060015C171 /* IconView.swift in Sources */ = {isa = PBXBuildFile; fileRef = 0865AE232C1A6D060015C171 /* IconView.swift */; };
		0865AE262C1A6D1D0015C171 /* BottomMenuItem.swift in Sources */ = {isa = PBXBuildFile; fileRef = 0865AE252C1A6D1D0015C171 /* BottomMenuItem.swift */; };
		0865AE282C1A7B4B0015C171 /* PlaceholderView.swift in Sources */ = {isa = PBXBuildFile; fileRef = 0865AE272C1A7B4B0015C171 /* PlaceholderView.swift */; };
/* End PBXBuildFile section */

/* Begin PBXContainerItemProxy section */
		0865ADED2C10D4FD0015C171 /* PBXContainerItemProxy */ = {
			isa = PBXContainerItemProxy;
			containerPortal = 0865ADD22C10D4FC0015C171 /* Project object */;
			proxyType = 1;
			remoteGlobalIDString = 0865ADD92C10D4FC0015C171;
			remoteInfo = "Healthy Habits";
		};
		0865ADF72C10D4FD0015C171 /* PBXContainerItemProxy */ = {
			isa = PBXContainerItemProxy;
			containerPortal = 0865ADD22C10D4FC0015C171 /* Project object */;
			proxyType = 1;
			remoteGlobalIDString = 0865ADD92C10D4FC0015C171;
			remoteInfo = "Healthy Habits";
		};
/* End PBXContainerItemProxy section */

/* Begin PBXFileReference section */
		0865ADDA2C10D4FC0015C171 /* Healthy Habits.app */ = {isa = PBXFileReference; explicitFileType = wrapper.application; includeInIndex = 0; path = "Healthy Habits.app"; sourceTree = BUILT_PRODUCTS_DIR; };
		0865ADDD2C10D4FC0015C171 /* Healthy_HabitsApp.swift */ = {isa = PBXFileReference; lastKnownFileType = sourcecode.swift; path = Healthy_HabitsApp.swift; sourceTree = "<group>"; };
		0865ADDF2C10D4FC0015C171 /* ContentView.swift */ = {isa = PBXFileReference; lastKnownFileType = sourcecode.swift; path = ContentView.swift; sourceTree = "<group>"; };
		0865ADE12C10D4FC0015C171 /* Item.swift */ = {isa = PBXFileReference; lastKnownFileType = sourcecode.swift; path = Item.swift; sourceTree = "<group>"; };
		0865ADE32C10D4FD0015C171 /* Assets.xcassets */ = {isa = PBXFileReference; lastKnownFileType = folder.assetcatalog; path = Assets.xcassets; sourceTree = "<group>"; };
		0865ADE62C10D4FD0015C171 /* Preview Assets.xcassets */ = {isa = PBXFileReference; lastKnownFileType = folder.assetcatalog; path = "Preview Assets.xcassets"; sourceTree = "<group>"; };
		0865ADEC2C10D4FD0015C171 /* Healthy HabitsTests.xctest */ = {isa = PBXFileReference; explicitFileType = wrapper.cfbundle; includeInIndex = 0; path = "Healthy HabitsTests.xctest"; sourceTree = BUILT_PRODUCTS_DIR; };
		0865ADF62C10D4FD0015C171 /* Healthy HabitsUITests.xctest */ = {isa = PBXFileReference; explicitFileType = wrapper.cfbundle; includeInIndex = 0; path = "Healthy HabitsUITests.xctest"; sourceTree = BUILT_PRODUCTS_DIR; };
		0865AE102C10D6020015C171 /* HealthMetric.swift */ = {isa = PBXFileReference; lastKnownFileType = sourcecode.swift; path = HealthMetric.swift; sourceTree = "<group>"; };
		0865AE122C10D6CB0015C171 /* HealthMetricService.swift */ = {isa = PBXFileReference; lastKnownFileType = sourcecode.swift; path = HealthMetricService.swift; sourceTree = "<group>"; };
		0865AE142C10D6F00015C171 /* MainView.swift */ = {isa = PBXFileReference; lastKnownFileType = sourcecode.swift; path = MainView.swift; sourceTree = "<group>"; };
		0865AE162C1A68AF0015C171 /* IconDetailView.swift */ = {isa = PBXFileReference; lastKnownFileType = sourcecode.swift; path = IconDetailView.swift; sourceTree = "<group>"; };
		0865AE182C1A68D10015C171 /* HeartRateView.swift */ = {isa = PBXFileReference; lastKnownFileType = sourcecode.swift; path = HeartRateView.swift; sourceTree = "<group>"; };
		0865AE232C1A6D060015C171 /* IconView.swift */ = {isa = PBXFileReference; lastKnownFileType = sourcecode.swift; path = IconView.swift; sourceTree = "<group>"; };
		0865AE252C1A6D1D0015C171 /* BottomMenuItem.swift */ = {isa = PBXFileReference; lastKnownFileType = sourcecode.swift; path = BottomMenuItem.swift; sourceTree = "<group>"; };
		0865AE272C1A7B4B0015C171 /* PlaceholderView.swift */ = {isa = PBXFileReference; lastKnownFileType = sourcecode.swift; path = PlaceholderView.swift; sourceTree = "<group>"; };
/* End PBXFileReference section */

/* Begin PBXFrameworksBuildPhase section */
		0865ADD72C10D4FC0015C171 /* Frameworks */ = {
			isa = PBXFrameworksBuildPhase;
			buildActionMask = 2147483647;
			files = (
			);
			runOnlyForDeploymentPostprocessing = 0;
		};
		0865ADE92C10D4FD0015C171 /* Frameworks */ = {
			isa = PBXFrameworksBuildPhase;
			buildActionMask = 2147483647;
			files = (
			);
			runOnlyForDeploymentPostprocessing = 0;
		};
		0865ADF32C10D4FD0015C171 /* Frameworks */ = {
			isa = PBXFrameworksBuildPhase;
			buildActionMask = 2147483647;
			files = (
			);
			runOnlyForDeploymentPostprocessing = 0;
		};
/* End PBXFrameworksBuildPhase section */

/* Begin PBXGroup section */
		0865ADD12C10D4FC0015C171 = {
			isa = PBXGroup;
			children = (
				0865AE222C1A6CD20015C171 /* Components */,
				0865AE092C10D56A0015C171 /* Models */,
				0865AE0A2C10D57D0015C171 /* Views */,
				0865AE0F2C10D5D50015C171 /* Services */,
				0865ADDC2C10D4FC0015C171 /* Healthy Habits */,
				0865ADDB2C10D4FC0015C171 /* Products */,
			);
			sourceTree = "<group>";
		};
		0865ADDB2C10D4FC0015C171 /* Products */ = {
			isa = PBXGroup;
			children = (
				0865ADDA2C10D4FC0015C171 /* Healthy Habits.app */,
				0865ADEC2C10D4FD0015C171 /* Healthy HabitsTests.xctest */,
				0865ADF62C10D4FD0015C171 /* Healthy HabitsUITests.xctest */,
			);
			name = Products;
			sourceTree = "<group>";
		};
		0865ADDC2C10D4FC0015C171 /* Healthy Habits */ = {
			isa = PBXGroup;
			children = (
				0865ADDD2C10D4FC0015C171 /* Healthy_HabitsApp.swift */,
				0865ADDF2C10D4FC0015C171 /* ContentView.swift */,
				0865ADE12C10D4FC0015C171 /* Item.swift */,
				0865ADE32C10D4FD0015C171 /* Assets.xcassets */,
				0865ADE52C10D4FD0015C171 /* Preview Content */,
			);
			path = "Healthy Habits";
			sourceTree = "<group>";
		};
		0865ADE52C10D4FD0015C171 /* Preview Content */ = {
			isa = PBXGroup;
			children = (
				0865ADE62C10D4FD0015C171 /* Preview Assets.xcassets */,
			);
			path = "Preview Content";
			sourceTree = "<group>";
		};
		0865AE092C10D56A0015C171 /* Models */ = {
			isa = PBXGroup;
			children = (
				0865AE102C10D6020015C171 /* HealthMetric.swift */,
			);
			path = Models;
			sourceTree = "<group>";
		};
		0865AE0A2C10D57D0015C171 /* Views */ = {
			isa = PBXGroup;
			children = (
				0865AE0B2C10D5930015C171 /* Main */,
				0865AE0C2C10D5990015C171 /* Detail */,
				0865AE0E2C10D5BA0015C171 /* Icons */,
			);
			path = Views;
			sourceTree = "<group>";
		};
		0865AE0B2C10D5930015C171 /* Main */ = {
			isa = PBXGroup;
			children = (
				0865AE142C10D6F00015C171 /* MainView.swift */,
			);
			path = Main;
			sourceTree = "<group>";
		};
		0865AE0C2C10D5990015C171 /* Detail */ = {
			isa = PBXGroup;
			children = (
				0865AE162C1A68AF0015C171 /* IconDetailView.swift */,
				0865AE272C1A7B4B0015C171 /* PlaceholderView.swift */,
			);
			path = Detail;
			sourceTree = "<group>";
		};
		0865AE0E2C10D5BA0015C171 /* Icons */ = {
			isa = PBXGroup;
			children = (
				0865AE182C1A68D10015C171 /* HeartRateView.swift */,
			);
			path = Icons;
			sourceTree = "<group>";
		};
		0865AE0F2C10D5D50015C171 /* Services */ = {
			isa = PBXGroup;
			children = (
				0865AE122C10D6CB0015C171 /* HealthMetricService.swift */,
			);
			path = Services;
			sourceTree = "<group>";
		};
		0865AE222C1A6CD20015C171 /* Components */ = {
			isa = PBXGroup;
			children = (
				0865AE232C1A6D060015C171 /* IconView.swift */,
				0865AE252C1A6D1D0015C171 /* BottomMenuItem.swift */,
			);
			path = Components;
			sourceTree = "<group>";
		};
/* End PBXGroup section */

/* Begin PBXNativeTarget section */
		0865ADD92C10D4FC0015C171 /* Healthy Habits */ = {
			isa = PBXNativeTarget;
			buildConfigurationList = 0865AE002C10D4FD0015C171 /* Build configuration list for PBXNativeTarget "Healthy Habits" */;
			buildPhases = (
				0865ADD62C10D4FC0015C171 /* Sources */,
				0865ADD72C10D4FC0015C171 /* Frameworks */,
				0865ADD82C10D4FC0015C171 /* Resources */,
			);
			buildRules = (
			);
			dependencies = (
			);
			name = "Healthy Habits";
			productName = "Healthy Habits";
			productReference = 0865ADDA2C10D4FC0015C171 /* Healthy Habits.app */;
			productType = "com.apple.product-type.application";
		};
		0865ADEB2C10D4FD0015C171 /* Healthy HabitsTests */ = {
			isa = PBXNativeTarget;
			buildConfigurationList = 0865AE032C10D4FD0015C171 /* Build configuration list for PBXNativeTarget "Healthy HabitsTests" */;
			buildPhases = (
				0865ADE82C10D4FD0015C171 /* Sources */,
				0865ADE92C10D4FD0015C171 /* Frameworks */,
				0865ADEA2C10D4FD0015C171 /* Resources */,
			);
			buildRules = (
			);
			dependencies = (
				0865ADEE2C10D4FD0015C171 /* PBXTargetDependency */,
			);
			name = "Healthy HabitsTests";
			productName = "Healthy HabitsTests";
			productReference = 0865ADEC2C10D4FD0015C171 /* Healthy HabitsTests.xctest */;
			productType = "com.apple.product-type.bundle.unit-test";
		};
		0865ADF52C10D4FD0015C171 /* Healthy HabitsUITests */ = {
			isa = PBXNativeTarget;
			buildConfigurationList = 0865AE062C10D4FD0015C171 /* Build configuration list for PBXNativeTarget "Healthy HabitsUITests" */;
			buildPhases = (
				0865ADF22C10D4FD0015C171 /* Sources */,
				0865ADF32C10D4FD0015C171 /* Frameworks */,
				0865ADF42C10D4FD0015C171 /* Resources */,
			);
			buildRules = (
			);
			dependencies = (
				0865ADF82C10D4FD0015C171 /* PBXTargetDependency */,
			);
			name = "Healthy HabitsUITests";
			productName = "Healthy HabitsUITests";
			productReference = 0865ADF62C10D4FD0015C171 /* Healthy HabitsUITests.xctest */;
			productType = "com.apple.product-type.bundle.ui-testing";
		};
/* End PBXNativeTarget section */

/* Begin PBXProject section */
		0865ADD22C10D4FC0015C171 /* Project object */ = {
			isa = PBXProject;
			attributes = {
				BuildIndependentTargetsInParallel = 1;
				LastSwiftUpdateCheck = 1540;
				LastUpgradeCheck = 1540;
				TargetAttributes = {
					0865ADD92C10D4FC0015C171 = {
						CreatedOnToolsVersion = 15.4;
					};
					0865ADEB2C10D4FD0015C171 = {
						CreatedOnToolsVersion = 15.4;
						TestTargetID = 0865ADD92C10D4FC0015C171;
					};
					0865ADF52C10D4FD0015C171 = {
						CreatedOnToolsVersion = 15.4;
						TestTargetID = 0865ADD92C10D4FC0015C171;
					};
				};
			};
			buildConfigurationList = 0865ADD52C10D4FC0015C171 /* Build configuration list for PBXProject "Healthy Habits" */;
			compatibilityVersion = "Xcode 14.0";
			developmentRegion = en;
			hasScannedForEncodings = 0;
			knownRegions = (
				en,
				Base,
			);
			mainGroup = 0865ADD12C10D4FC0015C171;
			productRefGroup = 0865ADDB2C10D4FC0015C171 /* Products */;
			projectDirPath = "";
			projectRoot = "";
			targets = (
				0865ADD92C10D4FC0015C171 /* Healthy Habits */,
				0865ADEB2C10D4FD0015C171 /* Healthy HabitsTests */,
				0865ADF52C10D4FD0015C171 /* Healthy HabitsUITests */,
			);
		};
/* End PBXProject section */

/* Begin PBXResourcesBuildPhase section */
		0865ADD82C10D4FC0015C171 /* Resources */ = {
			isa = PBXResourcesBuildPhase;
			buildActionMask = 2147483647;
			files = (
				0865ADE72C10D4FD0015C171 /* Preview Assets.xcassets in Resources */,
				0865ADE42C10D4FD0015C171 /* Assets.xcassets in Resources */,
			);
			runOnlyForDeploymentPostprocessing = 0;
		};
		0865ADEA2C10D4FD0015C171 /* Resources */ = {
			isa = PBXResourcesBuildPhase;
			buildActionMask = 2147483647;
			files = (
			);
			runOnlyForDeploymentPostprocessing = 0;
		};
		0865ADF42C10D4FD0015C171 /* Resources */ = {
			isa = PBXResourcesBuildPhase;
			buildActionMask = 2147483647;
			files = (
			);
			runOnlyForDeploymentPostprocessing = 0;
		};
/* End PBXResourcesBuildPhase section */

/* Begin PBXSourcesBuildPhase section */
		0865ADD62C10D4FC0015C171 /* Sources */ = {
			isa = PBXSourcesBuildPhase;
			buildActionMask = 2147483647;
			files = (
				0865ADE02C10D4FC0015C171 /* ContentView.swift in Sources */,
				0865AE242C1A6D060015C171 /* IconView.swift in Sources */,
				0865AE192C1A68D10015C171 /* HeartRateView.swift in Sources */,
				0865AE152C10D6F00015C171 /* MainView.swift in Sources */,
				0865ADE22C10D4FC0015C171 /* Item.swift in Sources */,
				0865ADDE2C10D4FC0015C171 /* Healthy_HabitsApp.swift in Sources */,
				0865AE262C1A6D1D0015C171 /* BottomMenuItem.swift in Sources */,
				0865AE112C10D6020015C171 /* HealthMetric.swift in Sources */,
				0865AE172C1A68AF0015C171 /* IconDetailView.swift in Sources */,
				0865AE282C1A7B4B0015C171 /* PlaceholderView.swift in Sources */,
				0865AE132C10D6CB0015C171 /* HealthMetricService.swift in Sources */,
			);
			runOnlyForDeploymentPostprocessing = 0;
		};
		0865ADE82C10D4FD0015C171 /* Sources */ = {
			isa = PBXSourcesBuildPhase;
			buildActionMask = 2147483647;
			files = (
			);
			runOnlyForDeploymentPostprocessing = 0;
		};
		0865ADF22C10D4FD0015C171 /* Sources */ = {
			isa = PBXSourcesBuildPhase;
			buildActionMask = 2147483647;
			files = (
			);
			runOnlyForDeploymentPostprocessing = 0;
		};
/* End PBXSourcesBuildPhase section */

/* Begin PBXTargetDependency section */
		0865ADEE2C10D4FD0015C171 /* PBXTargetDependency */ = {
			isa = PBXTargetDependency;
			target = 0865ADD92C10D4FC0015C171 /* Healthy Habits */;
			targetProxy = 0865ADED2C10D4FD0015C171 /* PBXContainerItemProxy */;
		};
		0865ADF82C10D4FD0015C171 /* PBXTargetDependency */ = {
			isa = PBXTargetDependency;
			target = 0865ADD92C10D4FC0015C171 /* Healthy Habits */;
			targetProxy = 0865ADF72C10D4FD0015C171 /* PBXContainerItemProxy */;
		};
/* End PBXTargetDependency section */

/* Begin XCBuildConfiguration section */
		0865ADFE2C10D4FD0015C171 /* Debug */ = {
			isa = XCBuildConfiguration;
			buildSettings = {
				ALWAYS_SEARCH_USER_PATHS = NO;
				ASSETCATALOG_COMPILER_GENERATE_SWIFT_ASSET_SYMBOL_EXTENSIONS = YES;
				CLANG_ANALYZER_NONNULL = YES;
				CLANG_ANALYZER_NUMBER_OBJECT_CONVERSION = YES_AGGRESSIVE;
				CLANG_CXX_LANGUAGE_STANDARD = "gnu++20";
				CLANG_ENABLE_MODULES = YES;
				CLANG_ENABLE_OBJC_ARC = YES;
				CLANG_ENABLE_OBJC_WEAK = YES;
				CLANG_WARN_BLOCK_CAPTURE_AUTORELEASING = YES;
				CLANG_WARN_BOOL_CONVERSION = YES;
				CLANG_WARN_COMMA = YES;
				CLANG_WARN_CONSTANT_CONVERSION = YES;
				CLANG_WARN_DEPRECATED_OBJC_IMPLEMENTATIONS = YES;
				CLANG_WARN_DIRECT_OBJC_ISA_USAGE = YES_ERROR;
				CLANG_WARN_DOCUMENTATION_COMMENTS = YES;
				CLANG_WARN_EMPTY_BODY = YES;
				CLANG_WARN_ENUM_CONVERSION = YES;
				CLANG_WARN_INFINITE_RECURSION = YES;
				CLANG_WARN_INT_CONVERSION = YES;
				CLANG_WARN_NON_LITERAL_NULL_CONVERSION = YES;
				CLANG_WARN_OBJC_IMPLICIT_RETAIN_SELF = YES;
				CLANG_WARN_OBJC_LITERAL_CONVERSION = YES;
				CLANG_WARN_OBJC_ROOT_CLASS = YES_ERROR;
				CLANG_WARN_QUOTED_INCLUDE_IN_FRAMEWORK_HEADER = YES;
				CLANG_WARN_RANGE_LOOP_ANALYSIS = YES;
				CLANG_WARN_STRICT_PROTOTYPES = YES;
				CLANG_WARN_SUSPICIOUS_MOVE = YES;
				CLANG_WARN_UNGUARDED_AVAILABILITY = YES_AGGRESSIVE;
				CLANG_WARN_UNREACHABLE_CODE = YES;
				CLANG_WARN__DUPLICATE_METHOD_MATCH = YES;
				COPY_PHASE_STRIP = NO;
				DEBUG_INFORMATION_FORMAT = dwarf;
				ENABLE_STRICT_OBJC_MSGSEND = YES;
				ENABLE_TESTABILITY = YES;
				ENABLE_USER_SCRIPT_SANDBOXING = YES;
				GCC_C_LANGUAGE_STANDARD = gnu17;
				GCC_DYNAMIC_NO_PIC = NO;
				GCC_NO_COMMON_BLOCKS = YES;
				GCC_OPTIMIZATION_LEVEL = 0;
				GCC_PREPROCESSOR_DEFINITIONS = (
					"DEBUG=1",
					"$(inherited)",
				);
				GCC_WARN_64_TO_32_BIT_CONVERSION = YES;
				GCC_WARN_ABOUT_RETURN_TYPE = YES_ERROR;
				GCC_WARN_UNDECLARED_SELECTOR = YES;
				GCC_WARN_UNINITIALIZED_AUTOS = YES_AGGRESSIVE;
				GCC_WARN_UNUSED_FUNCTION = YES;
				GCC_WARN_UNUSED_VARIABLE = YES;
				IPHONEOS_DEPLOYMENT_TARGET = 17.5;
				LOCALIZATION_PREFERS_STRING_CATALOGS = YES;
				MTL_ENABLE_DEBUG_INFO = INCLUDE_SOURCE;
				MTL_FAST_MATH = YES;
				ONLY_ACTIVE_ARCH = YES;
				SDKROOT = iphoneos;
				SWIFT_ACTIVE_COMPILATION_CONDITIONS = "DEBUG $(inherited)";
				SWIFT_OPTIMIZATION_LEVEL = "-Onone";
			};
			name = Debug;
		};
		0865ADFF2C10D4FD0015C171 /* Release */ = {
			isa = XCBuildConfiguration;
			buildSettings = {
				ALWAYS_SEARCH_USER_PATHS = NO;
				ASSETCATALOG_COMPILER_GENERATE_SWIFT_ASSET_SYMBOL_EXTENSIONS = YES;
				CLANG_ANALYZER_NONNULL = YES;
				CLANG_ANALYZER_NUMBER_OBJECT_CONVERSION = YES_AGGRESSIVE;
				CLANG_CXX_LANGUAGE_STANDARD = "gnu++20";
				CLANG_ENABLE_MODULES = YES;
				CLANG_ENABLE_OBJC_ARC = YES;
				CLANG_ENABLE_OBJC_WEAK = YES;
				CLANG_WARN_BLOCK_CAPTURE_AUTORELEASING = YES;
				CLANG_WARN_BOOL_CONVERSION = YES;
				CLANG_WARN_COMMA = YES;
				CLANG_WARN_CONSTANT_CONVERSION = YES;
				CLANG_WARN_DEPRECATED_OBJC_IMPLEMENTATIONS = YES;
				CLANG_WARN_DIRECT_OBJC_ISA_USAGE = YES_ERROR;
				CLANG_WARN_DOCUMENTATION_COMMENTS = YES;
				CLANG_WARN_EMPTY_BODY = YES;
				CLANG_WARN_ENUM_CONVERSION = YES;
				CLANG_WARN_INFINITE_RECURSION = YES;
				CLANG_WARN_INT_CONVERSION = YES;
				CLANG_WARN_NON_LITERAL_NULL_CONVERSION = YES;
				CLANG_WARN_OBJC_IMPLICIT_RETAIN_SELF = YES;
				CLANG_WARN_OBJC_LITERAL_CONVERSION = YES;
				CLANG_WARN_OBJC_ROOT_CLASS = YES_ERROR;
				CLANG_WARN_QUOTED_INCLUDE_IN_FRAMEWORK_HEADER = YES;
				CLANG_WARN_RANGE_LOOP_ANALYSIS = YES;
				CLANG_WARN_STRICT_PROTOTYPES = YES;
				CLANG_WARN_SUSPICIOUS_MOVE = YES;
				CLANG_WARN_UNGUARDED_AVAILABILITY = YES_AGGRESSIVE;
				CLANG_WARN_UNREACHABLE_CODE = YES;
				CLANG_WARN__DUPLICATE_METHOD_MATCH = YES;
				COPY_PHASE_STRIP = NO;
				DEBUG_INFORMATION_FORMAT = "dwarf-with-dsym";
				ENABLE_NS_ASSERTIONS = NO;
				ENABLE_STRICT_OBJC_MSGSEND = YES;
				ENABLE_USER_SCRIPT_SANDBOXING = YES;
				GCC_C_LANGUAGE_STANDARD = gnu17;
				GCC_NO_COMMON_BLOCKS = YES;
				GCC_WARN_64_TO_32_BIT_CONVERSION = YES;
				GCC_WARN_ABOUT_RETURN_TYPE = YES_ERROR;
				GCC_WARN_UNDECLARED_SELECTOR = YES;
				GCC_WARN_UNINITIALIZED_AUTOS = YES_AGGRESSIVE;
				GCC_WARN_UNUSED_FUNCTION = YES;
				GCC_WARN_UNUSED_VARIABLE = YES;
				IPHONEOS_DEPLOYMENT_TARGET = 17.5;
				LOCALIZATION_PREFERS_STRING_CATALOGS = YES;
				MTL_ENABLE_DEBUG_INFO = NO;
				MTL_FAST_MATH = YES;
				SDKROOT = iphoneos;
				SWIFT_COMPILATION_MODE = wholemodule;
				VALIDATE_PRODUCT = YES;
			};
			name = Release;
		};
		0865AE012C10D4FD0015C171 /* Debug */ = {
			isa = XCBuildConfiguration;
			buildSettings = {
				ASSETCATALOG_COMPILER_APPICON_NAME = AppIcon;
				ASSETCATALOG_COMPILER_GLOBAL_ACCENT_COLOR_NAME = AccentColor;
				CODE_SIGN_STYLE = Automatic;
				CURRENT_PROJECT_VERSION = 1;
				DEVELOPMENT_ASSET_PATHS = "\"Healthy Habits/Preview Content\"";
				DEVELOPMENT_TEAM = 94RTHDW2PK;
				ENABLE_PREVIEWS = YES;
				GENERATE_INFOPLIST_FILE = YES;
				INFOPLIST_KEY_UIApplicationSceneManifest_Generation = YES;
				INFOPLIST_KEY_UIApplicationSupportsIndirectInputEvents = YES;
				INFOPLIST_KEY_UILaunchScreen_Generation = YES;
				INFOPLIST_KEY_UISupportedInterfaceOrientations_iPad = "UIInterfaceOrientationPortrait UIInterfaceOrientationPortraitUpsideDown UIInterfaceOrientationLandscapeLeft UIInterfaceOrientationLandscapeRight";
				INFOPLIST_KEY_UISupportedInterfaceOrientations_iPhone = "UIInterfaceOrientationPortrait UIInterfaceOrientationLandscapeLeft UIInterfaceOrientationLandscapeRight";
				LD_RUNPATH_SEARCH_PATHS = (
					"$(inherited)",
					"@executable_path/Frameworks",
				);
				MARKETING_VERSION = 1.0;
				PRODUCT_BUNDLE_IDENTIFIER = "HSP.Healthy-Habits";
				PRODUCT_NAME = "$(TARGET_NAME)";
				SWIFT_EMIT_LOC_STRINGS = YES;
				SWIFT_VERSION = 5.0;
				TARGETED_DEVICE_FAMILY = "1,2";
			};
			name = Debug;
		};
		0865AE022C10D4FD0015C171 /* Release */ = {
			isa = XCBuildConfiguration;
			buildSettings = {
				ASSETCATALOG_COMPILER_APPICON_NAME = AppIcon;
				ASSETCATALOG_COMPILER_GLOBAL_ACCENT_COLOR_NAME = AccentColor;
				CODE_SIGN_STYLE = Automatic;
				CURRENT_PROJECT_VERSION = 1;
				DEVELOPMENT_ASSET_PATHS = "\"Healthy Habits/Preview Content\"";
				DEVELOPMENT_TEAM = 94RTHDW2PK;
				ENABLE_PREVIEWS = YES;
				GENERATE_INFOPLIST_FILE = YES;
				INFOPLIST_KEY_UIApplicationSceneManifest_Generation = YES;
				INFOPLIST_KEY_UIApplicationSupportsIndirectInputEvents = YES;
				INFOPLIST_KEY_UILaunchScreen_Generation = YES;
				INFOPLIST_KEY_UISupportedInterfaceOrientations_iPad = "UIInterfaceOrientationPortrait UIInterfaceOrientationPortraitUpsideDown UIInterfaceOrientationLandscapeLeft UIInterfaceOrientationLandscapeRight";
				INFOPLIST_KEY_UISupportedInterfaceOrientations_iPhone = "UIInterfaceOrientationPortrait UIInterfaceOrientationLandscapeLeft UIInterfaceOrientationLandscapeRight";
				LD_RUNPATH_SEARCH_PATHS = (
					"$(inherited)",
					"@executable_path/Frameworks",
				);
				MARKETING_VERSION = 1.0;
				PRODUCT_BUNDLE_IDENTIFIER = "HSP.Healthy-Habits";
				PRODUCT_NAME = "$(TARGET_NAME)";
				SWIFT_EMIT_LOC_STRINGS = YES;
				SWIFT_VERSION = 5.0;
				TARGETED_DEVICE_FAMILY = "1,2";
			};
			name = Release;
		};
		0865AE042C10D4FD0015C171 /* Debug */ = {
			isa = XCBuildConfiguration;
			buildSettings = {
				ALWAYS_EMBED_SWIFT_STANDARD_LIBRARIES = YES;
				BUNDLE_LOADER = "$(TEST_HOST)";
				CODE_SIGN_STYLE = Automatic;
				CURRENT_PROJECT_VERSION = 1;
				DEVELOPMENT_TEAM = 94RTHDW2PK;
				GENERATE_INFOPLIST_FILE = YES;
				IPHONEOS_DEPLOYMENT_TARGET = 17.5;
				MARKETING_VERSION = 1.0;
				PRODUCT_BUNDLE_IDENTIFIER = "HSP.Healthy-HabitsTests";
				PRODUCT_NAME = "$(TARGET_NAME)";
				SWIFT_EMIT_LOC_STRINGS = NO;
				SWIFT_VERSION = 5.0;
				TARGETED_DEVICE_FAMILY = "1,2";
				TEST_HOST = "$(BUILT_PRODUCTS_DIR)/Healthy Habits.app/$(BUNDLE_EXECUTABLE_FOLDER_PATH)/Healthy Habits";
			};
			name = Debug;
		};
		0865AE052C10D4FD0015C171 /* Release */ = {
			isa = XCBuildConfiguration;
			buildSettings = {
				ALWAYS_EMBED_SWIFT_STANDARD_LIBRARIES = YES;
				BUNDLE_LOADER = "$(TEST_HOST)";
				CODE_SIGN_STYLE = Automatic;
				CURRENT_PROJECT_VERSION = 1;
				DEVELOPMENT_TEAM = 94RTHDW2PK;
				GENERATE_INFOPLIST_FILE = YES;
				IPHONEOS_DEPLOYMENT_TARGET = 17.5;
				MARKETING_VERSION = 1.0;
				PRODUCT_BUNDLE_IDENTIFIER = "HSP.Healthy-HabitsTests";
				PRODUCT_NAME = "$(TARGET_NAME)";
				SWIFT_EMIT_LOC_STRINGS = NO;
				SWIFT_VERSION = 5.0;
				TARGETED_DEVICE_FAMILY = "1,2";
				TEST_HOST = "$(BUILT_PRODUCTS_DIR)/Healthy Habits.app/$(BUNDLE_EXECUTABLE_FOLDER_PATH)/Healthy Habits";
			};
			name = Release;
		};
		0865AE072C10D4FD0015C171 /* Debug */ = {
			isa = XCBuildConfiguration;
			buildSettings = {
				ALWAYS_EMBED_SWIFT_STANDARD_LIBRARIES = YES;
				CODE_SIGN_STYLE = Automatic;
				CURRENT_PROJECT_VERSION = 1;
				DEVELOPMENT_TEAM = 94RTHDW2PK;
				GENERATE_INFOPLIST_FILE = YES;
				MARKETING_VERSION = 1.0;
				PRODUCT_BUNDLE_IDENTIFIER = "HSP.Healthy-HabitsUITests";
				PRODUCT_NAME = "$(TARGET_NAME)";
				SWIFT_EMIT_LOC_STRINGS = NO;
				SWIFT_VERSION = 5.0;
				TARGETED_DEVICE_FAMILY = "1,2";
				TEST_TARGET_NAME = "Healthy Habits";
			};
			name = Debug;
		};
		0865AE082C10D4FD0015C171 /* Release */ = {
			isa = XCBuildConfiguration;
			buildSettings = {
				ALWAYS_EMBED_SWIFT_STANDARD_LIBRARIES = YES;
				CODE_SIGN_STYLE = Automatic;
				CURRENT_PROJECT_VERSION = 1;
				DEVELOPMENT_TEAM = 94RTHDW2PK;
				GENERATE_INFOPLIST_FILE = YES;
				MARKETING_VERSION = 1.0;
				PRODUCT_BUNDLE_IDENTIFIER = "HSP.Healthy-HabitsUITests";
				PRODUCT_NAME = "$(TARGET_NAME)";
				SWIFT_EMIT_LOC_STRINGS = NO;
				SWIFT_VERSION = 5.0;
				TARGETED_DEVICE_FAMILY = "1,2";
				TEST_TARGET_NAME = "Healthy Habits";
			};
			name = Release;
		};
/* End XCBuildConfiguration section */

/* Begin XCConfigurationList section */
		0865ADD52C10D4FC0015C171 /* Build configuration list for PBXProject "Healthy Habits" */ = {
			isa = XCConfigurationList;
			buildConfigurations = (
				0865ADFE2C10D4FD0015C171 /* Debug */,
				0865ADFF2C10D4FD0015C171 /* Release */,
			);
			defaultConfigurationIsVisible = 0;
			defaultConfigurationName = Release;
		};
		0865AE002C10D4FD0015C171 /* Build configuration list for PBXNativeTarget "Healthy Habits" */ = {
			isa = XCConfigurationList;
			buildConfigurations = (
				0865AE012C10D4FD0015C171 /* Debug */,
				0865AE022C10D4FD0015C171 /* Release */,
			);
			defaultConfigurationIsVisible = 0;
			defaultConfigurationName = Release;
		};
		0865AE032C10D4FD0015C171 /* Build configuration list for PBXNativeTarget "Healthy HabitsTests" */ = {
			isa = XCConfigurationList;
			buildConfigurations = (
				0865AE042C10D4FD0015C171 /* Debug */,
				0865AE052C10D4FD0015C171 /* Release */,
			);
			defaultConfigurationIsVisible = 0;
			defaultConfigurationName = Release;
		};
		0865AE062C10D4FD0015C171 /* Build configuration list for PBXNativeTarget "Healthy HabitsUITests" */ = {
			isa = XCConfigurationList;
			buildConfigurations = (
				0865AE072C10D4FD0015C171 /* Debug */,
				0865AE082C10D4FD0015C171 /* Release */,
			);
			defaultConfigurationIsVisible = 0;
			defaultConfigurationName = Release;
		};
/* End XCConfigurationList section */
	};
	rootObject = 0865ADD22C10D4FC0015C171 /* Project object */;
}
